
Microsoft Visual Studio Solution File, Format Version 12.00
# Visual Studio Version 17
VisualStudioVersion = 17.0.31903.59
MinimumVisualStudioVersion = 10.0.40219.1
Project("{FAE04EC0-301F-11D3-BF4B-00C04F79EFBC}") = "TeamPulse.Domain", "TeamPulse.Domain\TeamPulse.Domain.csproj", "{7FA0905B-BD95-4AEC-9158-706CDF2BDC8E}"
EndProject
Project("{FAE04EC0-301F-11D3-BF4B-00C04F79EFBC}") = "TeamPulse.Application", "TeamPulse.Application\TeamPulse.Application.csproj", "{E8DB0D17-E221-446F-9BCC-CE19B8493EFE}"
EndProject
Project("{FAE04EC0-301F-11D3-BF4B-00C04F79EFBC}") = "TeamPulse.Infrastructure", "TeamPulse.Infrastructure\TeamPulse.Infrastructure.csproj", "{EAF057F7-3903-4E7F-A1F4-F19A73FF3B0E}"
EndProject
Project("{FAE04EC0-301F-11D3-BF4B-00C04F79EFBC}") = "TeamPulse.Api", "TeamPulse.Api\TeamPulse.Api.csproj", "{F6EC2EEF-682E-4175-9106-502280BD55C2}"
EndProject
Project("{FAE04EC0-301F-11D3-BF4B-00C04F79EFBC}") = "TeamPulse.Tests", "TeamPulse.Tests\TeamPulse.Tests.csproj", "{32C8DE43-2682-4463-8ECE-6BEB2DC45450}"
EndProject
Global
	GlobalSection(SolutionConfigurationPlatforms) = preSolution
		Debug|Any CPU = Debug|Any CPU
		Debug|x64 = Debug|x64
		Debug|x86 = Debug|x86
		Release|Any CPU = Release|Any CPU
		Release|x64 = Release|x64
		Release|x86 = Release|x86
	EndGlobalSection
	GlobalSection(ProjectConfigurationPlatforms) = postSolution
		{7FA0905B-BD95-4AEC-9158-706CDF2BDC8E}.Debug|Any CPU.ActiveCfg = Debug|Any CPU
		{7FA0905B-BD95-4AEC-9158-706CDF2BDC8E}.Debug|Any CPU.Build.0 = Debug|Any CPU
		{7FA0905B-BD95-4AEC-9158-706CDF2BDC8E}.Debug|x64.ActiveCfg = Debug|Any CPU
		{7FA0905B-BD95-4AEC-9158-706CDF2BDC8E}.Debug|x64.Build.0 = Debug|Any CPU
		{7FA0905B-BD95-4AEC-9158-706CDF2BDC8E}.Debug|x86.ActiveCfg = Debug|Any CPU
		{7FA0905B-BD95-4AEC-9158-706CDF2BDC8E}.Debug|x86.Build.0 = Debug|Any CPU
		{7FA0905B-BD95-4AEC-9158-706CDF2BDC8E}.Release|Any CPU.ActiveCfg = Release|Any CPU
		{7FA0905B-BD95-4AEC-9158-706CDF2BDC8E}.Release|Any CPU.Build.0 = Release|Any CPU
		{7FA0905B-BD95-4AEC-9158-706CDF2BDC8E}.Release|x64.ActiveCfg = Release|Any CPU
		{7FA0905B-BD95-4AEC-9158-706CDF2BDC8E}.Release|x64.Build.0 = Release|Any CPU
		{7FA0905B-BD95-4AEC-9158-706CDF2BDC8E}.Release|x86.ActiveCfg = Release|Any CPU
		{7FA0905B-BD95-4AEC-9158-706CDF2BDC8E}.Release|x86.Build.0 = Release|Any CPU
		{E8DB0D17-E221-446F-9BCC-CE19B8493EFE}.Debug|Any CPU.ActiveCfg = Debug|Any CPU
		{E8DB0D17-E221-446F-9BCC-CE19B8493EFE}.Debug|Any CPU.Build.0 = Debug|Any CPU
		{E8DB0D17-E221-446F-9BCC-CE19B8493EFE}.Debug|x64.ActiveCfg = Debug|Any CPU
		{E8DB0D17-E221-446F-9BCC-CE19B8493EFE}.Debug|x64.Build.0 = Debug|Any CPU
		{E8DB0D17-E221-446F-9BCC-CE19B8493EFE}.Debug|x86.ActiveCfg = Debug|Any CPU
		{E8DB0D17-E221-446F-9BCC-CE19B8493EFE}.Debug|x86.Build.0 = Debug|Any CPU
		{E8DB0D17-E221-446F-9BCC-CE19B8493EFE}.Release|Any CPU.ActiveCfg = Release|Any CPU
		{E8DB0D17-E221-446F-9BCC-CE19B8493EFE}.Release|Any CPU.Build.0 = Release|Any CPU
		{E8DB0D17-E221-446F-9BCC-CE19B8493EFE}.Release|x64.ActiveCfg = Release|Any CPU
		{E8DB0D17-E221-446F-9BCC-CE19B8493EFE}.Release|x64.Build.0 = Release|Any CPU
		{E8DB0D17-E221-446F-9BCC-CE19B8493EFE}.Release|x86.ActiveCfg = Release|Any CPU
		{E8DB0D17-E221-446F-9BCC-CE19B8493EFE}.Release|x86.Build.0 = Release|Any CPU
		{EAF057F7-3903-4E7F-A1F4-F19A73FF3B0E}.Debug|Any CPU.ActiveCfg = Debug|Any CPU
		{EAF057F7-3903-4E7F-A1F4-F19A73FF3B0E}.Debug|Any CPU.Build.0 = Debug|Any CPU
		{EAF057F7-3903-4E7F-A1F4-F19A73FF3B0E}.Debug|x64.ActiveCfg = Debug|Any CPU
		{EAF057F7-3903-4E7F-A1F4-F19A73FF3B0E}.Debug|x64.Build.0 = Debug|Any CPU
		{EAF057F7-3903-4E7F-A1F4-F19A73FF3B0E}.Debug|x86.ActiveCfg = Debug|Any CPU
		{EAF057F7-3903-4E7F-A1F4-F19A73FF3B0E}.Debug|x86.Build.0 = Debug|Any CPU
		{EAF057F7-3903-4E7F-A1F4-F19A73FF3B0E}.Release|Any CPU.ActiveCfg = Release|Any CPU
		{EAF057F7-3903-4E7F-A1F4-F19A73FF3B0E}.Release|Any CPU.Build.0 = Release|Any CPU
		{EAF057F7-3903-4E7F-A1F4-F19A73FF3B0E}.Release|x64.ActiveCfg = Release|Any CPU
		{EAF057F7-3903-4E7F-A1F4-F19A73FF3B0E}.Release|x64.Build.0 = Release|Any CPU
		{EAF057F7-3903-4E7F-A1F4-F19A73FF3B0E}.Release|x86.ActiveCfg = Release|Any CPU
		{EAF057F7-3903-4E7F-A1F4-F19A73FF3B0E}.Release|x86.Build.0 = Release|Any CPU
		{F6EC2EEF-682E-4175-9106-502280BD55C2}.Debug|Any CPU.ActiveCfg = Debug|Any CPU
		{F6EC2EEF-682E-4175-9106-502280BD55C2}.Debug|Any CPU.Build.0 = Debug|Any CPU
		{F6EC2EEF-682E-4175-9106-502280BD55C2}.Debug|x64.ActiveCfg = Debug|Any CPU
		{F6EC2EEF-682E-4175-9106-502280BD55C2}.Debug|x64.Build.0 = Debug|Any CPU
		{F6EC2EEF-682E-4175-9106-502280BD55C2}.Debug|x86.ActiveCfg = Debug|Any CPU
		{F6EC2EEF-682E-4175-9106-502280BD55C2}.Debug|x86.Build.0 = Debug|Any CPU
		{F6EC2EEF-682E-4175-9106-502280BD55C2}.Release|Any CPU.ActiveCfg = Release|Any CPU
		{F6EC2EEF-682E-4175-9106-502280BD55C2}.Release|Any CPU.Build.0 = Release|Any CPU
		{F6EC2EEF-682E-4175-9106-502280BD55C2}.Release|x64.ActiveCfg = Release|Any CPU
		{F6EC2EEF-682E-4175-9106-502280BD55C2}.Release|x64.Build.0 = Release|Any CPU
		{F6EC2EEF-682E-4175-9106-502280BD55C2}.Release|x86.ActiveCfg = Release|Any CPU
		{F6EC2EEF-682E-4175-9106-502280BD55C2}.Release|x86.Build.0 = Release|Any CPU
		{32C8DE43-2682-4463-8ECE-6BEB2DC45450}.Debug|Any CPU.ActiveCfg = Debug|Any CPU
		{32C8DE43-2682-4463-8ECE-6BEB2DC45450}.Debug|Any CPU.Build.0 = Debug|Any CPU
		{32C8DE43-2682-4463-8ECE-6BEB2DC45450}.Debug|x64.ActiveCfg = Debug|Any CPU
		{32C8DE43-2682-4463-8ECE-6BEB2DC45450}.Debug|x64.Build.0 = Debug|Any CPU
		{32C8DE43-2682-4463-8ECE-6BEB2DC45450}.Debug|x86.ActiveCfg = Debug|Any CPU
		{32C8DE43-2682-4463-8ECE-6BEB2DC45450}.Debug|x86.Build.0 = Debug|Any CPU
		{32C8DE43-2682-4463-8ECE-6BEB2DC45450}.Release|Any CPU.ActiveCfg = Release|Any CPU
		{32C8DE43-2682-4463-8ECE-6BEB2DC45450}.Release|Any CPU.Build.0 = Release|Any CPU
		{32C8DE43-2682-4463-8ECE-6BEB2DC45450}.Release|x64.ActiveCfg = Release|Any CPU
		{32C8DE43-2682-4463-8ECE-6BEB2DC45450}.Release|x64.Build.0 = Release|Any CPU
		{32C8DE43-2682-4463-8ECE-6BEB2DC45450}.Release|x86.ActiveCfg = Release|Any CPU
		{32C8DE43-2682-4463-8ECE-6BEB2DC45450}.Release|x86.Build.0 = Release|Any CPU
	EndGlobalSection
	GlobalSection(SolutionProperties) = preSolution
		HideSolutionNode = FALSE
	EndGlobalSection
EndGlobal
